abnf==2.9.0
aiohappyeyeballs==2.7.1
aiohttp==3.14.4
aiosignal==1.4.0
annotated-types==0.8.0
anyio==4.15.1
attrs==26.1.0
bitarray==3.11.0
certifi==2026.7.22
cffi==2.1.1
charset-normalizer==3.5.2
ckzg==2.1.8
click==8.5.0
cryptography==50.0.2
cytoolz==1.1.0
distro==1.9.0
eth-abi==6.0.0
eth-account==0.13.7
eth-hash==0.8.0
eth-keyfile==0.8.1
eth-keys==0.8.0
eth-rlp==3.0.0
eth-typing==6.0.0
eth-utils==6.0.0
firebase-rest-api==1.11.0
flatbuffers==25.12.19
frozenlist==1.8.0
google-api-core==2.41.0
google-auth==2.60.0
google-cloud-core==2.8.0
google-cloud-firestore==2.34.0
google-cloud-storage==3.16.0
google-crc32c==1.9.0
google-resumable-media==2.11.0
googleapis-common-protos==1.75.5
grpcio==1.84.0
grpcio-status==1.84.0
h11==0.16.0
hexbytes==2.0.0
httpcore==1.0.9
httpcore2==2.13.1
httpx==0.28.1
httpx2==2.13.1
idna==3.20
jiter==0.17.0
jsonpatch==1.33
jsonpointer==3.2.0
jsonschema==4.26.0
jsonschema-specifications==2025.9.1
jwcrypto==1.6.1
langchain==1.4.3
langchain-core==1.6.7
langchain-protocol==0.0.19
langgraph==1.2.14
langgraph-checkpoint==4.2.0
langgraph-prebuilt==1.1.0
langgraph-sdk==0.4.6
langsmith==0.14.4
ml-dtypes==0.6.0
multidict==6.9.1
nest-asyncio==1.6.0
numpy==2.5.3
og-x402==0.0.2.dev2
onnx==1.23.2
onnxruntime==1.30.0
openai==3.26.0
opengradient==1.1.4
opentelemetry-api==1.45.1
orjson==3.13.0
ormsgpack==1.12.2
packaging==26.3
parsimonious==0.10.0
pkce==1.0.3
propcache==0.5.4
proto-plus==1.29.0
protobuf==7.36.2
pyasn1==0.6.4
pyasn1-modules==0.4.2
pycparser==3.0
pycryptodome==3.24.0
pydantic==2.13.5
pydantic-core==2.46.5
pyhpke==0.6.5
pynacl==1.6.2
python-jwt==4.1.0
pyunormalize==18.0.0
pyyaml==6.0.3
referencing==0.37.0
regex==2026.9.29
requests==2.34.2
requests-toolbelt==1.0.0
rlp==5.0.0
rpds-py==2026.9.1
signinwithethereum==5.0.2
six==1.17.0
sniffio==1.3.1
tenacity==9.2.1
toolz==1.2.0
truststore==0.10.4
types-requests==2.33.0.20261006
typing-extensions==4.16.0
typing-inspection==0.4.4
urllib3==2.8.0
uuid-utils==0.17.1
web3==7.16.0
websockets==15.0.1
xxhash==4.0.1
yarl==1.25.1
zstandard==0.25.0
